{
  "name": "obsidian-plus-server",
  "lockfileVersion": 2,
  "requires": true,
  "packages": {
    "": {
      "name": "obsidian-plus-server",
      "dependencies": {
        "jsonwebtoken": "^9.0.2"
      },
      "devDependencies": {
        "@types/bun": "latest"
      },
      "peerDependencies": {
        "typescript": "^5.0.0"
      }
    },
    "node_modules/@types/bun": {
      "version": "1.2.19",
      "resolved": "https://registry.npmjs.org/@types/bun/-/bun-1.2.19.tgz",
      "integrity": "sha512-d9ZCmrH3CJ2uYKXQIUuZ/pUnTqIvLDS0SK7pFmbx8ma+ziH/FRMoAq5bYpRG7y+w1gl+HgyNZbtqgMq4W4e2Lg==",
      "dev": true,
      "dependencies": {
        "bun-types": "1.2.19"
      }
    },
    "node_modules/@types/node": {
      "version": "24.1.0",
      "dev": true,
      "license": "MIT",
      "dependencies": {
        "undici-types": "~7.8.0"
      }
    },
    "node_modules/@types/react": {
      "version": "19.1.8",
      "dev": true,
      "license": "MIT",
      "peer": true,
      "dependencies": {
        "csstype": "^3.0.2"
      }
    },
    "node_modules/buffer-equal-constant-time": {
      "version": "1.0.1",
      "license": "BSD-3-Clause"
    },
    "node_modules/bun-types": {
      "version": "1.2.19",
      "dev": true,
      "license": "MIT",
      "dependencies": {
        "@types/node": "*"
      },
      "peerDependencies": {
        "@types/react": "^19"
      }
    },
    "node_modules/csstype": {
      "version": "3.1.3",
      "dev": true,
      "license": "MIT",
      "peer": true
    },
    "node_modules/ecdsa-sig-formatter": {
      "version": "1.0.11",
      "license": "Apache-2.0",
      "dependencies": {
        "safe-buffer": "^5.0.1"
      }
    },
    "node_modules/jsonwebtoken": {
      "version": "9.0.2",
      "license": "MIT",
      "dependencies": {
        "jws": "^3.2.2",
        "lodash.includes": "^4.3.0",
        "lodash.isboolean": "^3.0.3",
        "lodash.isinteger": "^4.0.4",
        "lodash.isnumber": "^3.0.3",
        "lodash.isplainobject": "^4.0.6",
        "lodash.isstring": "^4.0.1",
        "lodash.once": "^4.0.0",
        "ms": "^2.1.1",
        "semver": "^7.5.4"
      },
      "engines": {
        "node": ">=12",
        "npm": ">=6"
      }
    },
    "node_modules/jwa": {
      "version": "1.4.2",
      "license": "MIT",
      "dependencies": {
        "buffer-equal-constant-time": "^1.0.1",
        "ecdsa-sig-formatter": "1.0.11",
        "safe-buffer": "^5.0.1"
      }
    },
    "node_modules/jws": {
      "version": "3.2.2",
      "license": "MIT",
      "dependencies": {
        "jwa": "^1.4.1",
        "safe-buffer": "^5.0.1"
      }
    },
    "node_modules/lodash.includes": {
      "version": "4.3.0",
      "license": "MIT"
    },
    "node_modules/lodash.isboolean": {
      "version": "3.0.3",
      "license": "MIT"
    },
    "node_modules/lodash.isinteger": {
      "version": "4.0.4",
      "license": "MIT"
    },
    "node_modules/lodash.isnumber": {
      "version": "3.0.3",
      "license": "MIT"
    },
    "node_modules/lodash.isplainobject": {
      "version": "4.0.6",
      "license": "MIT"
    },
    "node_modules/lodash.isstring": {
      "version": "4.0.1",
      "license": "MIT"
    },
    "node_modules/lodash.once": {
      "version": "4.1.1",
      "license": "MIT"
    },
    "node_modules/ms": {
      "version": "2.1.3",
      "license": "MIT"
    },
    "node_modules/safe-buffer": {
      "version": "5.2.1",
      "funding": [
        {
          "type": "github",
          "url": "https://github.com/sponsors/feross"
        },
        {
          "type": "patreon",
          "url": "https://www.patreon.com/feross"
        },
        {
          "type": "consulting",
          "url": "https://feross.org/support"
        }
      ],
      "license": "MIT"
    },
    "node_modules/semver": {
      "version": "7.7.2",
      "license": "ISC",
      "bin": {
        "semver": "bin/semver.js"
      },
      "engines": {
        "node": ">=10"
      }
    },
    "node_modules/typescript": {
      "version": "5.8.3",
      "license": "Apache-2.0",
      "peer": true,
      "bin": {
        "tsc": "bin/tsc",
        "tsserver": "bin/tsserver"
      },
      "engines": {
        "node": ">=14.17"
      }
    },
    "node_modules/undici-types": {
      "version": "7.8.0",
      "dev": true,
      "license": "MIT"
    }
  },
  "dependencies": {
    "@types/bun": {
      "version": "1.2.19",
      "resolved": "https://registry.npmjs.org/@types/bun/-/bun-1.2.19.tgz",
      "integrity": "sha512-d9ZCmrH3CJ2uYKXQIUuZ/pUnTqIvLDS0SK7pFmbx8ma+ziH/FRMoAq5bYpRG7y+w1gl+HgyNZbtqgMq4W4e2Lg==",
      "dev": true,
      "requires": {
        "bun-types": "1.2.19"
      }
    },
    "@types/node": {
      "version": "24.1.0",
      "dev": true,
      "requires": {
        "undici-types": "~7.8.0"
      }
    },
    "@types/react": {
      "version": "19.1.8",
      "dev": true,
      "peer": true,
      "requires": {
        "csstype": "^3.0.2"
      }
    },
    "buffer-equal-constant-time": {
      "version": "1.0.1"
    },
    "bun-types": {
      "version": "1.2.19",
      "dev": true,
      "requires": {
        "@types/node": "*"
      }
    },
    "csstype": {
      "version": "3.1.3",
      "dev": true,
      "peer": true
    },
    "ecdsa-sig-formatter": {
      "version": "1.0.11",
      "requires": {
        "safe-buffer": "^5.0.1"
      }
    },
    "jsonwebtoken": {
      "version": "9.0.2",
      "requires": {
        "jws": "^3.2.2",
        "lodash.includes": "^4.3.0",
        "lodash.isboolean": "^3.0.3",
        "lodash.isinteger": "^4.0.4",
        "lodash.isnumber": "^3.0.3",
        "lodash.isplainobject": "^4.0.6",
        "lodash.isstring": "^4.0.1",
        "lodash.once": "^4.0.0",
        "ms": "^2.1.1",
        "semver": "^7.5.4"
      }
    },
    "jwa": {
      "version": "1.4.2",
      "requires": {
        "buffer-equal-constant-time": "^1.0.1",
        "ecdsa-sig-formatter": "1.0.11",
        "safe-buffer": "^5.0.1"
      }
    },
    "jws": {
      "version": "3.2.2",
      "requires": {
        "jwa": "^1.4.1",
        "safe-buffer": "^5.0.1"
      }
    },
    "lodash.includes": {
      "version": "4.3.0"
    },
    "lodash.isboolean": {
      "version": "3.0.3"
    },
    "lodash.isinteger": {
      "version": "4.0.4"
    },
    "lodash.isnumber": {
      "version": "3.0.3"
    },
    "lodash.isplainobject": {
      "version": "4.0.6"
    },
    "lodash.isstring": {
      "version": "4.0.1"
    },
    "lodash.once": {
      "version": "4.1.1"
    },
    "ms": {
      "version": "2.1.3"
    },
    "safe-buffer": {
      "version": "5.2.1"
    },
    "semver": {
      "version": "7.7.2"
    },
    "typescript": {
      "version": "5.8.3",
      "peer": true
    },
    "undici-types": {
      "version": "7.8.0",
      "dev": true
    }
  }
}
